
Microsoft Visual Studio Solution File, Format Version 12.00
# Visual Studio Version 16
VisualStudioVersion = 16.0.29318.209
MinimumVisualStudioVersion = 10.0.40219.1
Project("{FAE04EC0-301F-11D3-BF4B-00C04F79EFBC}") = "CalorieCounter.UWP", "CalorieCounter\CalorieCounter.UWP\CalorieCounter.UWP.csproj", "{613B7AC5-59AC-4935-B684-7BA8B6C12340}"
EndProject
Project("{FAE04EC0-301F-11D3-BF4B-00C04F79EFBC}") = "CalorieCounter.Android", "CalorieCounter\CalorieCounter.Android\CalorieCounter.Android.csproj", "{FB5048D4-7D54-4747-80A5-DA5744D52657}"
EndProject
Project("{FAE04EC0-301F-11D3-BF4B-00C04F79EFBC}") = "CalorieCounter.iOS", "CalorieCounter\CalorieCounter.iOS\CalorieCounter.iOS.csproj", "{AD703D8C-A0F2-4BB5-8258-B89273A8EACA}"
EndProject
Project("{FAE04EC0-301F-11D3-BF4B-00C04F79EFBC}") = "CalorieCounter", "CalorieCounter\CalorieCounter\CalorieCounter.csproj", "{BD23A825-CE85-44F7-8490-4554F7A3AE7B}"
EndProject
Global
	GlobalSection(SolutionConfigurationPlatforms) = preSolution
		Debug|Any CPU = Debug|Any CPU
		Debug|ARM = Debug|ARM
		Debug|iPhone = Debug|iPhone
		Debug|iPhoneSimulator = Debug|iPhoneSimulator
		Debug|x64 = Debug|x64
		Debug|x86 = Debug|x86
		Release|Any CPU = Release|Any CPU
		Release|ARM = Release|ARM
		Release|iPhone = Release|iPhone
		Release|iPhoneSimulator = Release|iPhoneSimulator
		Release|x64 = Release|x64
		Release|x86 = Release|x86
	EndGlobalSection
	GlobalSection(ProjectConfigurationPlatforms) = postSolution
		{613B7AC5-59AC-4935-B684-7BA8B6C12340}.Debug|Any CPU.ActiveCfg = Debug|x86
		{613B7AC5-59AC-4935-B684-7BA8B6C12340}.Debug|Any CPU.Build.0 = Debug|x86
		{613B7AC5-59AC-4935-B684-7BA8B6C12340}.Debug|Any CPU.Deploy.0 = Debug|x86
		{613B7AC5-59AC-4935-B684-7BA8B6C12340}.Debug|ARM.ActiveCfg = Debug|ARM
		{613B7AC5-59AC-4935-B684-7BA8B6C12340}.Debug|ARM.Build.0 = Debug|ARM
		{613B7AC5-59AC-4935-B684-7BA8B6C12340}.Debug|ARM.Deploy.0 = Debug|ARM
		{613B7AC5-59AC-4935-B684-7BA8B6C12340}.Debug|iPhone.ActiveCfg = Debug|x86
		{613B7AC5-59AC-4935-B684-7BA8B6C12340}.Debug|iPhone.Build.0 = Debug|x86
		{613B7AC5-59AC-4935-B684-7BA8B6C12340}.Debug|iPhone.Deploy.0 = Debug|x86
		{613B7AC5-59AC-4935-B684-7BA8B6C12340}.Debug|iPhoneSimulator.ActiveCfg = Debug|x86
		{613B7AC5-59AC-4935-B684-7BA8B6C12340}.Debug|iPhoneSimulator.Build.0 = Debug|x86
		{613B7AC5-59AC-4935-B684-7BA8B6C12340}.Debug|iPhoneSimulator.Deploy.0 = Debug|x86
		{613B7AC5-59AC-4935-B684-7BA8B6C12340}.Debug|x64.ActiveCfg = Debug|x64
		{613B7AC5-59AC-4935-B684-7BA8B6C12340}.Debug|x64.Build.0 = Debug|x64
		{613B7AC5-59AC-4935-B684-7BA8B6C12340}.Debug|x64.Deploy.0 = Debug|x64
		{613B7AC5-59AC-4935-B684-7BA8B6C12340}.Debug|x86.ActiveCfg = Debug|x86
		{613B7AC5-59AC-4935-B684-7BA8B6C12340}.Debug|x86.Build.0 = Debug|x86
		{613B7AC5-59AC-4935-B684-7BA8B6C12340}.Debug|x86.Deploy.0 = Debug|x86
		{613B7AC5-59AC-4935-B684-7BA8B6C12340}.Release|Any CPU.ActiveCfg = Release|x86
		{613B7AC5-59AC-4935-B684-7BA8B6C12340}.Release|Any CPU.Build.0 = Release|x86
		{613B7AC5-59AC-4935-B684-7BA8B6C12340}.Release|Any CPU.Deploy.0 = Release|x86
		{613B7AC5-59AC-4935-B684-7BA8B6C12340}.Release|ARM.ActiveCfg = Release|ARM
		{613B7AC5-59AC-4935-B684-7BA8B6C12340}.Release|ARM.Build.0 = Release|ARM
		{613B7AC5-59AC-4935-B684-7BA8B6C12340}.Release|ARM.Deploy.0 = Release|ARM
		{613B7AC5-59AC-4935-B684-7BA8B6C12340}.Release|iPhone.ActiveCfg = Release|x86
		{613B7AC5-59AC-4935-B684-7BA8B6C12340}.Release|iPhone.Build.0 = Release|x86
		{613B7AC5-59AC-4935-B684-7BA8B6C12340}.Release|iPhone.Deploy.0 = Release|x86
		{613B7AC5-59AC-4935-B684-7BA8B6C12340}.Release|iPhoneSimulator.ActiveCfg = Release|x86
		{613B7AC5-59AC-4935-B684-7BA8B6C12340}.Release|iPhoneSimulator.Build.0 = Release|x86
		{613B7AC5-59AC-4935-B684-7BA8B6C12340}.Release|iPhoneSimulator.Deploy.0 = Release|x86
		{613B7AC5-59AC-4935-B684-7BA8B6C12340}.Release|x64.ActiveCfg = Release|x64
		{613B7AC5-59AC-4935-B684-7BA8B6C12340}.Release|x64.Build.0 = Release|x64
		{613B7AC5-59AC-4935-B684-7BA8B6C12340}.Release|x64.Deploy.0 = Release|x64
		{613B7AC5-59AC-4935-B684-7BA8B6C12340}.Release|x86.ActiveCfg = Release|x86
		{613B7AC5-59AC-4935-B684-7BA8B6C12340}.Release|x86.Build.0 = Release|x86
		{613B7AC5-59AC-4935-B684-7BA8B6C12340}.Release|x86.Deploy.0 = Release|x86
		{FB5048D4-7D54-4747-80A5-DA5744D52657}.Debug|Any CPU.ActiveCfg = Debug|Any CPU
		{FB5048D4-7D54-4747-80A5-DA5744D52657}.Debug|Any CPU.Build.0 = Debug|Any CPU
		{FB5048D4-7D54-4747-80A5-DA5744D52657}.Debug|Any CPU.Deploy.0 = Debug|Any CPU
		{FB5048D4-7D54-4747-80A5-DA5744D52657}.Debug|ARM.ActiveCfg = Debug|Any CPU
		{FB5048D4-7D54-4747-80A5-DA5744D52657}.Debug|ARM.Build.0 = Debug|Any CPU
		{FB5048D4-7D54-4747-80A5-DA5744D52657}.Debug|ARM.Deploy.0 = Debug|Any CPU
		{FB5048D4-7D54-4747-80A5-DA5744D52657}.Debug|iPhone.ActiveCfg = Debug|Any CPU
		{FB5048D4-7D54-4747-80A5-DA5744D52657}.Debug|iPhone.Build.0 = Debug|Any CPU
		{FB5048D4-7D54-4747-80A5-DA5744D52657}.Debug|iPhone.Deploy.0 = Debug|Any CPU
		{FB5048D4-7D54-4747-80A5-DA5744D52657}.Debug|iPhoneSimulator.ActiveCfg = Debug|Any CPU
		{FB5048D4-7D54-4747-80A5-DA5744D52657}.Debug|iPhoneSimulator.Build.0 = Debug|Any CPU
		{FB5048D4-7D54-4747-80A5-DA5744D52657}.Debug|iPhoneSimulator.Deploy.0 = Debug|Any CPU
		{FB5048D4-7D54-4747-80A5-DA5744D52657}.Debug|x64.ActiveCfg = Debug|Any CPU
		{FB5048D4-7D54-4747-80A5-DA5744D52657}.Debug|x64.Build.0 = Debug|Any CPU
		{FB5048D4-7D54-4747-80A5-DA5744D52657}.Debug|x64.Deploy.0 = Debug|Any CPU
		{FB5048D4-7D54-4747-80A5-DA5744D52657}.Debug|x86.ActiveCfg = Debug|Any CPU
		{FB5048D4-7D54-4747-80A5-DA5744D52657}.Debug|x86.Build.0 = Debug|Any CPU
		{FB5048D4-7D54-4747-80A5-DA5744D52657}.Debug|x86.Deploy.0 = Debug|Any CPU
		{FB5048D4-7D54-4747-80A5-DA5744D52657}.Release|Any CPU.ActiveCfg = Release|Any CPU
		{FB5048D4-7D54-4747-80A5-DA5744D52657}.Release|Any CPU.Build.0 = Release|Any CPU
		{FB5048D4-7D54-4747-80A5-DA5744D52657}.Release|Any CPU.Deploy.0 = Release|Any CPU
		{FB5048D4-7D54-4747-80A5-DA5744D52657}.Release|ARM.ActiveCfg = Release|Any CPU
		{FB5048D4-7D54-4747-80A5-DA5744D52657}.Release|ARM.Build.0 = Release|Any CPU
		{FB5048D4-7D54-4747-80A5-DA5744D52657}.Release|ARM.Deploy.0 = Release|Any CPU
		{FB5048D4-7D54-4747-80A5-DA5744D52657}.Release|iPhone.ActiveCfg = Release|Any CPU
		{FB5048D4-7D54-4747-80A5-DA5744D52657}.Release|iPhone.Build.0 = Release|Any CPU
		{FB5048D4-7D54-4747-80A5-DA5744D52657}.Release|iPhone.Deploy.0 = Release|Any CPU
		{FB5048D4-7D54-4747-80A5-DA5744D52657}.Release|iPhoneSimulator.ActiveCfg = Release|Any CPU
		{FB5048D4-7D54-4747-80A5-DA5744D52657}.Release|iPhoneSimulator.Build.0 = Release|Any CPU
		{FB5048D4-7D54-4747-80A5-DA5744D52657}.Release|iPhoneSimulator.Deploy.0 = Release|Any CPU
		{FB5048D4-7D54-4747-80A5-DA5744D52657}.Release|x64.ActiveCfg = Release|Any CPU
		{FB5048D4-7D54-4747-80A5-DA5744D52657}.Release|x64.Build.0 = Release|Any CPU
		{FB5048D4-7D54-4747-80A5-DA5744D52657}.Release|x64.Deploy.0 = Release|Any CPU
		{FB5048D4-7D54-4747-80A5-DA5744D52657}.Release|x86.ActiveCfg = Release|Any CPU
		{FB5048D4-7D54-4747-80A5-DA5744D52657}.Release|x86.Build.0 = Release|Any CPU
		{FB5048D4-7D54-4747-80A5-DA5744D52657}.Release|x86.Deploy.0 = Release|Any CPU
		{AD703D8C-A0F2-4BB5-8258-B89273A8EACA}.Debug|Any CPU.ActiveCfg = Debug|iPhone
		{AD703D8C-A0F2-4BB5-8258-B89273A8EACA}.Debug|Any CPU.Build.0 = Debug|iPhone
		{AD703D8C-A0F2-4BB5-8258-B89273A8EACA}.Debug|Any CPU.Deploy.0 = Debug|iPhone
		{AD703D8C-A0F2-4BB5-8258-B89273A8EACA}.Debug|ARM.ActiveCfg = Debug|iPhoneSimulator
		{AD703D8C-A0F2-4BB5-8258-B89273A8EACA}.Debug|ARM.Build.0 = Debug|iPhoneSimulator
		{AD703D8C-A0F2-4BB5-8258-B89273A8EACA}.Debug|ARM.Deploy.0 = Debug|iPhoneSimulator
		{AD703D8C-A0F2-4BB5-8258-B89273A8EACA}.Debug|iPhone.ActiveCfg = Debug|iPhone
		{AD703D8C-A0F2-4BB5-8258-B89273A8EACA}.Debug|iPhone.Build.0 = Debug|iPhone
		{AD703D8C-A0F2-4BB5-8258-B89273A8EACA}.Debug|iPhone.Deploy.0 = Debug|iPhone
		{AD703D8C-A0F2-4BB5-8258-B89273A8EACA}.Debug|iPhoneSimulator.ActiveCfg = Debug|iPhoneSimulator
		{AD703D8C-A0F2-4BB5-8258-B89273A8EACA}.Debug|iPhoneSimulator.Build.0 = Debug|iPhoneSimulator
		{AD703D8C-A0F2-4BB5-8258-B89273A8EACA}.Debug|iPhoneSimulator.Deploy.0 = Debug|iPhoneSimulator
		{AD703D8C-A0F2-4BB5-8258-B89273A8EACA}.Debug|x64.ActiveCfg = Debug|iPhone
		{AD703D8C-A0F2-4BB5-8258-B89273A8EACA}.Debug|x64.Build.0 = Debug|iPhone
		{AD703D8C-A0F2-4BB5-8258-B89273A8EACA}.Debug|x64.Deploy.0 = Debug|iPhone
		{AD703D8C-A0F2-4BB5-8258-B89273A8EACA}.Debug|x86.ActiveCfg = Debug|iPhone
		{AD703D8C-A0F2-4BB5-8258-B89273A8EACA}.Debug|x86.Build.0 = Debug|iPhone
		{AD703D8C-A0F2-4BB5-8258-B89273A8EACA}.Debug|x86.Deploy.0 = Debug|iPhone
		{AD703D8C-A0F2-4BB5-8258-B89273A8EACA}.Release|Any CPU.ActiveCfg = Release|iPhone
		{AD703D8C-A0F2-4BB5-8258-B89273A8EACA}.Release|Any CPU.Build.0 = Release|iPhone
		{AD703D8C-A0F2-4BB5-8258-B89273A8EACA}.Release|Any CPU.Deploy.0 = Release|iPhone
		{AD703D8C-A0F2-4BB5-8258-B89273A8EACA}.Release|ARM.ActiveCfg = Release|iPhone
		{AD703D8C-A0F2-4BB5-8258-B89273A8EACA}.Release|ARM.Build.0 = Release|iPhone
		{AD703D8C-A0F2-4BB5-8258-B89273A8EACA}.Release|ARM.Deploy.0 = Release|iPhone
		{AD703D8C-A0F2-4BB5-8258-B89273A8EACA}.Release|iPhone.ActiveCfg = Release|iPhone
		{AD703D8C-A0F2-4BB5-8258-B89273A8EACA}.Release|iPhone.Build.0 = Release|iPhone
		{AD703D8C-A0F2-4BB5-8258-B89273A8EACA}.Release|iPhone.Deploy.0 = Release|iPhone
		{AD703D8C-A0F2-4BB5-8258-B89273A8EACA}.Release|iPhoneSimulator.ActiveCfg = Release|iPhoneSimulator
		{AD703D8C-A0F2-4BB5-8258-B89273A8EACA}.Release|iPhoneSimulator.Build.0 = Release|iPhoneSimulator
		{AD703D8C-A0F2-4BB5-8258-B89273A8EACA}.Release|iPhoneSimulator.Deploy.0 = Release|iPhoneSimulator
		{AD703D8C-A0F2-4BB5-8258-B89273A8EACA}.Release|x64.ActiveCfg = Release|iPhone
		{AD703D8C-A0F2-4BB5-8258-B89273A8EACA}.Release|x64.Build.0 = Release|iPhone
		{AD703D8C-A0F2-4BB5-8258-B89273A8EACA}.Release|x64.Deploy.0 = Release|iPhone
		{AD703D8C-A0F2-4BB5-8258-B89273A8EACA}.Release|x86.ActiveCfg = Release|iPhone
		{AD703D8C-A0F2-4BB5-8258-B89273A8EACA}.Release|x86.Build.0 = Release|iPhone
		{AD703D8C-A0F2-4BB5-8258-B89273A8EACA}.Release|x86.Deploy.0 = Release|iPhone
		{BD23A825-CE85-44F7-8490-4554F7A3AE7B}.Debug|Any CPU.ActiveCfg = Debug|Any CPU
		{BD23A825-CE85-44F7-8490-4554F7A3AE7B}.Debug|Any CPU.Build.0 = Debug|Any CPU
		{BD23A825-CE85-44F7-8490-4554F7A3AE7B}.Debug|Any CPU.Deploy.0 = Debug|Any CPU
		{BD23A825-CE85-44F7-8490-4554F7A3AE7B}.Debug|ARM.ActiveCfg = Debug|Any CPU
		{BD23A825-CE85-44F7-8490-4554F7A3AE7B}.Debug|ARM.Build.0 = Debug|Any CPU
		{BD23A825-CE85-44F7-8490-4554F7A3AE7B}.Debug|ARM.Deploy.0 = Debug|Any CPU
		{BD23A825-CE85-44F7-8490-4554F7A3AE7B}.Debug|iPhone.ActiveCfg = Debug|Any CPU
		{BD23A825-CE85-44F7-8490-4554F7A3AE7B}.Debug|iPhone.Build.0 = Debug|Any CPU
		{BD23A825-CE85-44F7-8490-4554F7A3AE7B}.Debug|iPhone.Deploy.0 = Debug|Any CPU
		{BD23A825-CE85-44F7-8490-4554F7A3AE7B}.Debug|iPhoneSimulator.ActiveCfg = Debug|Any CPU
		{BD23A825-CE85-44F7-8490-4554F7A3AE7B}.Debug|iPhoneSimulator.Build.0 = Debug|Any CPU
		{BD23A825-CE85-44F7-8490-4554F7A3AE7B}.Debug|iPhoneSimulator.Deploy.0 = Debug|Any CPU
		{BD23A825-CE85-44F7-8490-4554F7A3AE7B}.Debug|x64.ActiveCfg = Debug|Any CPU
		{BD23A825-CE85-44F7-8490-4554F7A3AE7B}.Debug|x64.Build.0 = Debug|Any CPU
		{BD23A825-CE85-44F7-8490-4554F7A3AE7B}.Debug|x64.Deploy.0 = Debug|Any CPU
		{BD23A825-CE85-44F7-8490-4554F7A3AE7B}.Debug|x86.ActiveCfg = Debug|Any CPU
		{BD23A825-CE85-44F7-8490-4554F7A3AE7B}.Debug|x86.Build.0 = Debug|Any CPU
		{BD23A825-CE85-44F7-8490-4554F7A3AE7B}.Debug|x86.Deploy.0 = Debug|Any CPU
		{BD23A825-CE85-44F7-8490-4554F7A3AE7B}.Release|Any CPU.ActiveCfg = Release|Any CPU
		{BD23A825-CE85-44F7-8490-4554F7A3AE7B}.Release|Any CPU.Build.0 = Release|Any CPU
		{BD23A825-CE85-44F7-8490-4554F7A3AE7B}.Release|Any CPU.Deploy.0 = Release|Any CPU
		{BD23A825-CE85-44F7-8490-4554F7A3AE7B}.Release|ARM.ActiveCfg = Release|Any CPU
		{BD23A825-CE85-44F7-8490-4554F7A3AE7B}.Release|ARM.Build.0 = Release|Any CPU
		{BD23A825-CE85-44F7-8490-4554F7A3AE7B}.Release|ARM.Deploy.0 = Release|Any CPU
		{BD23A825-CE85-44F7-8490-4554F7A3AE7B}.Release|iPhone.ActiveCfg = Release|Any CPU
		{BD23A825-CE85-44F7-8490-4554F7A3AE7B}.Release|iPhone.Build.0 = Release|Any CPU
		{BD23A825-CE85-44F7-8490-4554F7A3AE7B}.Release|iPhone.Deploy.0 = Release|Any CPU
		{BD23A825-CE85-44F7-8490-4554F7A3AE7B}.Release|iPhoneSimulator.ActiveCfg = Release|Any CPU
		{BD23A825-CE85-44F7-8490-4554F7A3AE7B}.Release|iPhoneSimulator.Build.0 = Release|Any CPU
		{BD23A825-CE85-44F7-8490-4554F7A3AE7B}.Release|iPhoneSimulator.Deploy.0 = Release|Any CPU
		{BD23A825-CE85-44F7-8490-4554F7A3AE7B}.Release|x64.ActiveCfg = Release|Any CPU
		{BD23A825-CE85-44F7-8490-4554F7A3AE7B}.Release|x64.Build.0 = Release|Any CPU
		{BD23A825-CE85-44F7-8490-4554F7A3AE7B}.Release|x64.Deploy.0 = Release|Any CPU
		{BD23A825-CE85-44F7-8490-4554F7A3AE7B}.Release|x86.ActiveCfg = Release|Any CPU
		{BD23A825-CE85-44F7-8490-4554F7A3AE7B}.Release|x86.Build.0 = Release|Any CPU
		{BD23A825-CE85-44F7-8490-4554F7A3AE7B}.Release|x86.Deploy.0 = Release|Any CPU
	EndGlobalSection
	GlobalSection(SolutionProperties) = preSolution
		HideSolutionNode = FALSE
	EndGlobalSection
	GlobalSection(ExtensibilityGlobals) = postSolution
		SolutionGuid = {0BD291AC-5EDD-4FFF-B5F0-072D7FE4C2FE}
	EndGlobalSection
EndGlobal
